
Microsoft Visual Studio Solution File, Format Version 12.00
# Visual Studio Version 16
VisualStudioVersion = 16.0.30413.136
MinimumVisualStudioVersion = 10.0.40219.1
Project("{9A19103F-16F7-4668-BE54-9A1E7A4F7556}") = "Initial Setup", "Initial Setup\Initial Setup.csproj", "{680EED82-D3AA-48E6-AA56-9F3D2D0DA10A}"
EndProject
Project("{9A19103F-16F7-4668-BE54-9A1E7A4F7556}") = "Insert", "Insert\Insert.csproj", "{019899E2-2647-4293-B45D-76EF56B8D64F}"
EndProject
Project("{9A19103F-16F7-4668-BE54-9A1E7A4F7556}") = "VillainNames", "VillainNames\VillainNames.csproj", "{54C9C504-412C-4959-A11F-F70F7C5BA4F8}"
EndProject
Project("{9A19103F-16F7-4668-BE54-9A1E7A4F7556}") = "MinionNames", "MinionNames\MinionNames.csproj", "{B4879C7A-8D1F-4199-AFB3-40C395280571}"
EndProject
Project("{FAE04EC0-301F-11D3-BF4B-00C04F79EFBC}") = "AddMinion", "AddMinion\AddMinion.csproj", "{1CA16C32-BB54-40B8-8C9C-6D8496E2801C}"
EndProject
Project("{FAE04EC0-301F-11D3-BF4B-00C04F79EFBC}") = "ChangeTownNamesCasing", "ChangeTownNamesCasing\ChangeTownNamesCasing.csproj", "{9BB69C35-72DD-40A4-BEFA-E61A66FAC731}"
EndProject
Project("{FAE04EC0-301F-11D3-BF4B-00C04F79EFBC}") = "RemoveVillain", "RemoveVillain\RemoveVillain.csproj", "{057D11EB-F02E-4AE4-B1E8-F890ED402E7A}"
EndProject
Project("{FAE04EC0-301F-11D3-BF4B-00C04F79EFBC}") = "PrintAllMinionNames", "PrintAllMinionNames\PrintAllMinionNames.csproj", "{89E20EF2-15B2-4BB6-BB7C-134244BF37EF}"
EndProject
Global
	GlobalSection(SolutionConfigurationPlatforms) = preSolution
		Debug|Any CPU = Debug|Any CPU
		Release|Any CPU = Release|Any CPU
	EndGlobalSection
	GlobalSection(ProjectConfigurationPlatforms) = postSolution
		{680EED82-D3AA-48E6-AA56-9F3D2D0DA10A}.Debug|Any CPU.ActiveCfg = Debug|Any CPU
		{680EED82-D3AA-48E6-AA56-9F3D2D0DA10A}.Debug|Any CPU.Build.0 = Debug|Any CPU
		{680EED82-D3AA-48E6-AA56-9F3D2D0DA10A}.Release|Any CPU.ActiveCfg = Release|Any CPU
		{680EED82-D3AA-48E6-AA56-9F3D2D0DA10A}.Release|Any CPU.Build.0 = Release|Any CPU
		{019899E2-2647-4293-B45D-76EF56B8D64F}.Debug|Any CPU.ActiveCfg = Debug|Any CPU
		{019899E2-2647-4293-B45D-76EF56B8D64F}.Debug|Any CPU.Build.0 = Debug|Any CPU
		{019899E2-2647-4293-B45D-76EF56B8D64F}.Release|Any CPU.ActiveCfg = Release|Any CPU
		{019899E2-2647-4293-B45D-76EF56B8D64F}.Release|Any CPU.Build.0 = Release|Any CPU
		{54C9C504-412C-4959-A11F-F70F7C5BA4F8}.Debug|Any CPU.ActiveCfg = Debug|Any CPU
		{54C9C504-412C-4959-A11F-F70F7C5BA4F8}.Debug|Any CPU.Build.0 = Debug|Any CPU
		{54C9C504-412C-4959-A11F-F70F7C5BA4F8}.Release|Any CPU.ActiveCfg = Release|Any CPU
		{54C9C504-412C-4959-A11F-F70F7C5BA4F8}.Release|Any CPU.Build.0 = Release|Any CPU
		{B4879C7A-8D1F-4199-AFB3-40C395280571}.Debug|Any CPU.ActiveCfg = Debug|Any CPU
		{B4879C7A-8D1F-4199-AFB3-40C395280571}.Debug|Any CPU.Build.0 = Debug|Any CPU
		{B4879C7A-8D1F-4199-AFB3-40C395280571}.Release|Any CPU.ActiveCfg = Release|Any CPU
		{B4879C7A-8D1F-4199-AFB3-40C395280571}.Release|Any CPU.Build.0 = Release|Any CPU
		{1CA16C32-BB54-40B8-8C9C-6D8496E2801C}.Debug|Any CPU.ActiveCfg = Debug|Any CPU
		{1CA16C32-BB54-40B8-8C9C-6D8496E2801C}.Debug|Any CPU.Build.0 = Debug|Any CPU
		{1CA16C32-BB54-40B8-8C9C-6D8496E2801C}.Release|Any CPU.ActiveCfg = Release|Any CPU
		{1CA16C32-BB54-40B8-8C9C-6D8496E2801C}.Release|Any CPU.Build.0 = Release|Any CPU
		{9BB69C35-72DD-40A4-BEFA-E61A66FAC731}.Debug|Any CPU.ActiveCfg = Debug|Any CPU
		{9BB69C35-72DD-40A4-BEFA-E61A66FAC731}.Debug|Any CPU.Build.0 = Debug|Any CPU
		{9BB69C35-72DD-40A4-BEFA-E61A66FAC731}.Release|Any CPU.ActiveCfg = Release|Any CPU
		{9BB69C35-72DD-40A4-BEFA-E61A66FAC731}.Release|Any CPU.Build.0 = Release|Any CPU
		{057D11EB-F02E-4AE4-B1E8-F890ED402E7A}.Debug|Any CPU.ActiveCfg = Debug|Any CPU
		{057D11EB-F02E-4AE4-B1E8-F890ED402E7A}.Debug|Any CPU.Build.0 = Debug|Any CPU
		{057D11EB-F02E-4AE4-B1E8-F890ED402E7A}.Release|Any CPU.ActiveCfg = Release|Any CPU
		{057D11EB-F02E-4AE4-B1E8-F890ED402E7A}.Release|Any CPU.Build.0 = Release|Any CPU
		{89E20EF2-15B2-4BB6-BB7C-134244BF37EF}.Debug|Any CPU.ActiveCfg = Debug|Any CPU
		{89E20EF2-15B2-4BB6-BB7C-134244BF37EF}.Debug|Any CPU.Build.0 = Debug|Any CPU
		{89E20EF2-15B2-4BB6-BB7C-134244BF37EF}.Release|Any CPU.ActiveCfg = Release|Any CPU
		{89E20EF2-15B2-4BB6-BB7C-134244BF37EF}.Release|Any CPU.Build.0 = Release|Any CPU
	EndGlobalSection
	GlobalSection(SolutionProperties) = preSolution
		HideSolutionNode = FALSE
	EndGlobalSection
	GlobalSection(ExtensibilityGlobals) = postSolution
		SolutionGuid = {6E33596E-00D4-46B3-8535-E515512A052E}
	EndGlobalSection
EndGlobal
